// !$*UTF8*$!
{
	archiveVersion = 1;
	classes = {
	};
	objectVersion = 77;
	objects = {

/* Begin PBXBuildFile section */
		8F0DF5EA2D9020FD002B4895 /* README.md in Resources */ = {isa = PBXBuildFile; fileRef = 8F0DF5E62D9020FD002B4895 /* README.md */; };
/* End PBXBuildFile section */

/* Begin PBXContainerItemProxy section */
		8FF99D6F2D8B1B3900E27F36 /* PBXContainerItemProxy */ = {
			isa = PBXContainerItemProxy;
			containerPortal = 8FF99D562D8B1B3800E27F36 /* Project object */;
			proxyType = 1;
			remoteGlobalIDString = 8FF99D5D2D8B1B3800E27F36;
			remoteInfo = Love4Music;
		};
		8FF99D792D8B1B3900E27F36 /* PBXContainerItemProxy */ = {
			isa = PBXContainerItemProxy;
			containerPortal = 8FF99D562D8B1B3800E27F36 /* Project object */;
			proxyType = 1;
			remoteGlobalIDString = 8FF99D5D2D8B1B3800E27F36;
			remoteInfo = Love4Music;
		};
/* End PBXContainerItemProxy section */

/* Begin PBXFileReference section */
		8F0DF5E62D9020FD002B4895 /* README.md */ = {isa = PBXFileReference; lastKnownFileType = net.daringfireball.markdown; path = README.md; sourceTree = "<group>"; };
		8FF99D5E2D8B1B3800E27F36 /* Love4Music.app */ = {isa = PBXFileReference; explicitFileType = wrapper.application; includeInIndex = 0; path = Love4Music.app; sourceTree = BUILT_PRODUCTS_DIR; };
		8FF99D6E2D8B1B3900E27F36 /* Love4MusicTests.xctest */ = {isa = PBXFileReference; explicitFileType = wrapper.cfbundle; includeInIndex = 0; path = Love4MusicTests.xctest; sourceTree = BUILT_PRODUCTS_DIR; };
		8FF99D782D8B1B3900E27F36 /* Love4MusicUITests.xctest */ = {isa = PBXFileReference; explicitFileType = wrapper.cfbundle; includeInIndex = 0; path = Love4MusicUITests.xctest; sourceTree = BUILT_PRODUCTS_DIR; };
/* End PBXFileReference section */

/* Begin PBXFileSystemSynchronizedBuildFileExceptionSet section */
		8F3AE7962D8C6B100063FCED /* Exceptions for "Love4Music" folder in "Love4Music" target */ = {
			isa = PBXFileSystemSynchronizedBuildFileExceptionSet;
			membershipExceptions = (
				Info.plist,
			);
			target = 8FF99D5D2D8B1B3800E27F36 /* Love4Music */;
		};
/* End PBXFileSystemSynchronizedBuildFileExceptionSet section */

/* Begin PBXFileSystemSynchronizedRootGroup section */
		8FF99D602D8B1B3800E27F36 /* Love4Music */ = {
			isa = PBXFileSystemSynchronizedRootGroup;
			exceptions = (
				8F3AE7962D8C6B100063FCED /* Exceptions for "Love4Music" folder in "Love4Music" target */,
			);
			path = Love4Music;
			sourceTree = "<group>";
		};
		8FF99D712D8B1B3900E27F36 /* Love4MusicTests */ = {
			isa = PBXFileSystemSynchronizedRootGroup;
			path = Love4MusicTests;
			sourceTree = "<group>";
		};
		8FF99D7B2D8B1B3900E27F36 /* Love4MusicUITests */ = {
			isa = PBXFileSystemSynchronizedRootGroup;
			path = Love4MusicUITests;
			sourceTree = "<group>";
		};
/* End PBXFileSystemSynchronizedRootGroup section */

/* Begin PBXFrameworksBuildPhase section */
		8FF99D5B2D8B1B3800E27F36 /* Frameworks */ = {
			isa = PBXFrameworksBuildPhase;
			buildActionMask = 2147483647;
			files = (
			);
			runOnlyForDeploymentPostprocessing = 0;
		};
		8FF99D6B2D8B1B3900E27F36 /* Frameworks */ = {
			isa = PBXFrameworksBuildPhase;
			buildActionMask = 2147483647;
			files = (
			);
			runOnlyForDeploymentPostprocessing = 0;
		};
		8FF99D752D8B1B3900E27F36 /* Frameworks */ = {
			isa = PBXFrameworksBuildPhase;
			buildActionMask = 2147483647;
			files = (
			);
			runOnlyForDeploymentPostprocessing = 0;
		};
/* End PBXFrameworksBuildPhase section */

/* Begin PBXGroup section */
		8FF99D552D8B1B3800E27F36 = {
			isa = PBXGroup;
			children = (
				8FF99D602D8B1B3800E27F36 /* Love4Music */,
				8FF99D712D8B1B3900E27F36 /* Love4MusicTests */,
				8FF99D7B2D8B1B3900E27F36 /* Love4MusicUITests */,
				8FF99D5F2D8B1B3800E27F36 /* Products */,
				8F0DF5E62D9020FD002B4895 /* README.md */,
			);
			sourceTree = "<group>";
		};
		8FF99D5F2D8B1B3800E27F36 /* Products */ = {
			isa = PBXGroup;
			children = (
				8FF99D5E2D8B1B3800E27F36 /* Love4Music.app */,
				8FF99D6E2D8B1B3900E27F36 /* Love4MusicTests.xctest */,
				8FF99D782D8B1B3900E27F36 /* Love4MusicUITests.xctest */,
			);
			name = Products;
			sourceTree = "<group>";
		};
/* End PBXGroup section */

/* Begin PBXNativeTarget section */
		8FF99D5D2D8B1B3800E27F36 /* Love4Music */ = {
			isa = PBXNativeTarget;
			buildConfigurationList = 8FF99D822D8B1B3900E27F36 /* Build configuration list for PBXNativeTarget "Love4Music" */;
			buildPhases = (
				8FF99D5A2D8B1B3800E27F36 /* Sources */,
				8FF99D5B2D8B1B3800E27F36 /* Frameworks */,
				8FF99D5C2D8B1B3800E27F36 /* Resources */,
			);
			buildRules = (
			);
			dependencies = (
			);
			fileSystemSynchronizedGroups = (
				8FF99D602D8B1B3800E27F36 /* Love4Music */,
			);
			name = Love4Music;
			packageProductDependencies = (
			);
			productName = Love4Music;
			productReference = 8FF99D5E2D8B1B3800E27F36 /* Love4Music.app */;
			productType = "com.apple.product-type.application";
		};
		8FF99D6D2D8B1B3900E27F36 /* Love4MusicTests */ = {
			isa = PBXNativeTarget;
			buildConfigurationList = 8FF99D852D8B1B3900E27F36 /* Build configuration list for PBXNativeTarget "Love4MusicTests" */;
			buildPhases = (
				8FF99D6A2D8B1B3900E27F36 /* Sources */,
				8FF99D6B2D8B1B3900E27F36 /* Frameworks */,
				8FF99D6C2D8B1B3900E27F36 /* Resources */,
			);
			buildRules = (
			);
			dependencies = (
				8FF99D702D8B1B3900E27F36 /* PBXTargetDependency */,
			);
			fileSystemSynchronizedGroups = (
				8FF99D712D8B1B3900E27F36 /* Love4MusicTests */,
			);
			name = Love4MusicTests;
			packageProductDependencies = (
			);
			productName = Love4MusicTests;
			productReference = 8FF99D6E2D8B1B3900E27F36 /* Love4MusicTests.xctest */;
			productType = "com.apple.product-type.bundle.unit-test";
		};
		8FF99D772D8B1B3900E27F36 /* Love4MusicUITests */ = {
			isa = PBXNativeTarget;
			buildConfigurationList = 8FF99D882D8B1B3900E27F36 /* Build configuration list for PBXNativeTarget "Love4MusicUITests" */;
			buildPhases = (
				8FF99D742D8B1B3900E27F36 /* Sources */,
				8FF99D752D8B1B3900E27F36 /* Frameworks */,
				8FF99D762D8B1B3900E27F36 /* Resources */,
			);
			buildRules = (
			);
			dependencies = (
				8FF99D7A2D8B1B3900E27F36 /* PBXTargetDependency */,
			);
			fileSystemSynchronizedGroups = (
				8FF99D7B2D8B1B3900E27F36 /* Love4MusicUITests */,
			);
			name = Love4MusicUITests;
			packageProductDependencies = (
			);
			productName = Love4MusicUITests;
			productReference = 8FF99D782D8B1B3900E27F36 /* Love4MusicUITests.xctest */;
			productType = "com.apple.product-type.bundle.ui-testing";
		};
/* End PBXNativeTarget section */

/* Begin PBXProject section */
		8FF99D562D8B1B3800E27F36 /* Project object */ = {
			isa = PBXProject;
			attributes = {
				BuildIndependentTargetsInParallel = 1;
				LastSwiftUpdateCheck = 1620;
				LastUpgradeCheck = 1620;
				TargetAttributes = {
					8FF99D5D2D8B1B3800E27F36 = {
						CreatedOnToolsVersion = 16.2;
					};
					8FF99D6D2D8B1B3900E27F36 = {
						CreatedOnToolsVersion = 16.2;
						TestTargetID = 8FF99D5D2D8B1B3800E27F36;
					};
					8FF99D772D8B1B3900E27F36 = {
						CreatedOnToolsVersion = 16.2;
						TestTargetID = 8FF99D5D2D8B1B3800E27F36;
					};
				};
			};
			buildConfigurationList = 8FF99D592D8B1B3800E27F36 /* Build configuration list for PBXProject "Love4Music" */;
			developmentRegion = en;
			hasScannedForEncodings = 0;
			knownRegions = (
				en,
				Base,
			);
			mainGroup = 8FF99D552D8B1B3800E27F36;
			minimizedProjectReferenceProxies = 1;
			preferredProjectObjectVersion = 77;
			productRefGroup = 8FF99D5F2D8B1B3800E27F36 /* Products */;
			projectDirPath = "";
			projectRoot = "";
			targets = (
				8FF99D5D2D8B1B3800E27F36 /* Love4Music */,
				8FF99D6D2D8B1B3900E27F36 /* Love4MusicTests */,
				8FF99D772D8B1B3900E27F36 /* Love4MusicUITests */,
			);
		};
/* End PBXProject section */

/* Begin PBXResourcesBuildPhase section */
		8FF99D5C2D8B1B3800E27F36 /* Resources */ = {
			isa = PBXResourcesBuildPhase;
			buildActionMask = 2147483647;
			files = (
				8F0DF5EA2D9020FD002B4895 /* README.md in Resources */,
			);
			runOnlyForDeploymentPostprocessing = 0;
		};
		8FF99D6C2D8B1B3900E27F36 /* Resources */ = {
			isa = PBXResourcesBuildPhase;
			buildActionMask = 2147483647;
			files = (
			);
			runOnlyForDeploymentPostprocessing = 0;
		};
		8FF99D762D8B1B3900E27F36 /* Resources */ = {
			isa = PBXResourcesBuildPhase;
			buildActionMask = 2147483647;
			files = (
			);
			runOnlyForDeploymentPostprocessing = 0;
		};
/* End PBXResourcesBuildPhase section */

/* Begin PBXSourcesBuildPhase section */
		8FF99D5A2D8B1B3800E27F36 /* Sources */ = {
			isa = PBXSourcesBuildPhase;
			buildActionMask = 2147483647;
			files = (
			);
			runOnlyForDeploymentPostprocessing = 0;
		};
		8FF99D6A2D8B1B3900E27F36 /* Sources */ = {
			isa = PBXSourcesBuildPhase;
			buildActionMask = 2147483647;
			files = (
			);
			runOnlyForDeploymentPostprocessing = 0;
		};
		8FF99D742D8B1B3900E27F36 /* Sources */ = {
			isa = PBXSourcesBuildPhase;
			buildActionMask = 2147483647;
			files = (
			);
			runOnlyForDeploymentPostprocessing = 0;
		};
/* End PBXSourcesBuildPhase section */

/* Begin PBXTargetDependency section */
		8FF99D702D8B1B3900E27F36 /* PBXTargetDependency */ = {
			isa = PBXTargetDependency;
			target = 8FF99D5D2D8B1B3800E27F36 /* Love4Music */;
			targetProxy = 8FF99D6F2D8B1B3900E27F36 /* PBXContainerItemProxy */;
		};
		8FF99D7A2D8B1B3900E27F36 /* PBXTargetDependency */ = {
			isa = PBXTargetDependency;
			target = 8FF99D5D2D8B1B3800E27F36 /* Love4Music */;
			targetProxy = 8FF99D792D8B1B3900E27F36 /* PBXContainerItemProxy */;
		};
/* End PBXTargetDependency section */

/* Begin XCBuildConfiguration section */
		8FF99D802D8B1B3900E27F36 /* Debug */ = {
			isa = XCBuildConfiguration;
			buildSettings = {
				ALWAYS_SEARCH_USER_PATHS = NO;
				ASSETCATALOG_COMPILER_GENERATE_SWIFT_ASSET_SYMBOL_EXTENSIONS = YES;
				CLANG_ANALYZER_NONNULL = YES;
				CLANG_ANALYZER_NUMBER_OBJECT_CONVERSION = YES_AGGRESSIVE;
				CLANG_CXX_LANGUAGE_STANDARD = "gnu++20";
				CLANG_ENABLE_MODULES = YES;
				CLANG_ENABLE_OBJC_ARC = YES;
				CLANG_ENABLE_OBJC_WEAK = YES;
				CLANG_WARN_BLOCK_CAPTURE_AUTORELEASING = YES;
				CLANG_WARN_BOOL_CONVERSION = YES;
				CLANG_WARN_COMMA = YES;
				CLANG_WARN_CONSTANT_CONVERSION = YES;
				CLANG_WARN_DEPRECATED_OBJC_IMPLEMENTATIONS = YES;
				CLANG_WARN_DIRECT_OBJC_ISA_USAGE = YES_ERROR;
				CLANG_WARN_DOCUMENTATION_COMMENTS = YES;
				CLANG_WARN_EMPTY_BODY = YES;
				CLANG_WARN_ENUM_CONVERSION = YES;
				CLANG_WARN_INFINITE_RECURSION = YES;
				CLANG_WARN_INT_CONVERSION = YES;
				CLANG_WARN_NON_LITERAL_NULL_CONVERSION = YES;
				CLANG_WARN_OBJC_IMPLICIT_RETAIN_SELF = YES;
				CLANG_WARN_OBJC_LITERAL_CONVERSION = YES;
				CLANG_WARN_OBJC_ROOT_CLASS = YES_ERROR;
				CLANG_WARN_QUOTED_INCLUDE_IN_FRAMEWORK_HEADER = YES;
				CLANG_WARN_RANGE_LOOP_ANALYSIS = YES;
				CLANG_WARN_STRICT_PROTOTYPES = YES;
				CLANG_WARN_SUSPICIOUS_MOVE = YES;
				CLANG_WARN_UNGUARDED_AVAILABILITY = YES_AGGRESSIVE;
				CLANG_WARN_UNREACHABLE_CODE = YES;
				CLANG_WARN__DUPLICATE_METHOD_MATCH = YES;
				COPY_PHASE_STRIP = NO;
				DEBUG_INFORMATION_FORMAT = dwarf;
				ENABLE_STRICT_OBJC_MSGSEND = YES;
				ENABLE_TESTABILITY = YES;
				ENABLE_USER_SCRIPT_SANDBOXING = YES;
				GCC_C_LANGUAGE_STANDARD = gnu17;
				GCC_DYNAMIC_NO_PIC = NO;
				GCC_NO_COMMON_BLOCKS = YES;
				GCC_OPTIMIZATION_LEVEL = 0;
				GCC_PREPROCESSOR_DEFINITIONS = (
					"DEBUG=1",
					"$(inherited)",
				);
				GCC_WARN_64_TO_32_BIT_CONVERSION = YES;
				GCC_WARN_ABOUT_RETURN_TYPE = YES_ERROR;
				GCC_WARN_UNDECLARED_SELECTOR = YES;
				GCC_WARN_UNINITIALIZED_AUTOS = YES_AGGRESSIVE;
				GCC_WARN_UNUSED_FUNCTION = YES;
				GCC_WARN_UNUSED_VARIABLE = YES;
				IPHONEOS_DEPLOYMENT_TARGET = 18.2;
				LOCALIZATION_PREFERS_STRING_CATALOGS = YES;
				MTL_ENABLE_DEBUG_INFO = INCLUDE_SOURCE;
				MTL_FAST_MATH = YES;
				ONLY_ACTIVE_ARCH = YES;
				SDKROOT = iphoneos;
				SWIFT_ACTIVE_COMPILATION_CONDITIONS = "DEBUG $(inherited)";
				SWIFT_OPTIMIZATION_LEVEL = "-Onone";
			};
			name = Debug;
		};
		8FF99D812D8B1B3900E27F36 /* Release */ = {
			isa = XCBuildConfiguration;
			buildSettings = {
				ALWAYS_SEARCH_USER_PATHS = NO;
				ASSETCATALOG_COMPILER_GENERATE_SWIFT_ASSET_SYMBOL_EXTENSIONS = YES;
				CLANG_ANALYZER_NONNULL = YES;
				CLANG_ANALYZER_NUMBER_OBJECT_CONVERSION = YES_AGGRESSIVE;
				CLANG_CXX_LANGUAGE_STANDARD = "gnu++20";
				CLANG_ENABLE_MODULES = YES;
				CLANG_ENABLE_OBJC_ARC = YES;
				CLANG_ENABLE_OBJC_WEAK = YES;
				CLANG_WARN_BLOCK_CAPTURE_AUTORELEASING = YES;
				CLANG_WARN_BOOL_CONVERSION = YES;
				CLANG_WARN_COMMA = YES;
				CLANG_WARN_CONSTANT_CONVERSION = YES;
				CLANG_WARN_DEPRECATED_OBJC_IMPLEMENTATIONS = YES;
				CLANG_WARN_DIRECT_OBJC_ISA_USAGE = YES_ERROR;
				CLANG_WARN_DOCUMENTATION_COMMENTS = YES;
				CLANG_WARN_EMPTY_BODY = YES;
				CLANG_WARN_ENUM_CONVERSION = YES;
				CLANG_WARN_INFINITE_RECURSION = YES;
				CLANG_WARN_INT_CONVERSION = YES;
				CLANG_WARN_NON_LITERAL_NULL_CONVERSION = YES;
				CLANG_WARN_OBJC_IMPLICIT_RETAIN_SELF = YES;
				CLANG_WARN_OBJC_LITERAL_CONVERSION = YES;
				CLANG_WARN_OBJC_ROOT_CLASS = YES_ERROR;
				CLANG_WARN_QUOTED_INCLUDE_IN_FRAMEWORK_HEADER = YES;
				CLANG_WARN_RANGE_LOOP_ANALYSIS = YES;
				CLANG_WARN_STRICT_PROTOTYPES = YES;
				CLANG_WARN_SUSPICIOUS_MOVE = YES;
				CLANG_WARN_UNGUARDED_AVAILABILITY = YES_AGGRESSIVE;
				CLANG_WARN_UNREACHABLE_CODE = YES;
				CLANG_WARN__DUPLICATE_METHOD_MATCH = YES;
				COPY_PHASE_STRIP = NO;
				DEBUG_INFORMATION_FORMAT = "dwarf-with-dsym";
				ENABLE_NS_ASSERTIONS = NO;
				ENABLE_STRICT_OBJC_MSGSEND = YES;
				ENABLE_USER_SCRIPT_SANDBOXING = YES;
				GCC_C_LANGUAGE_STANDARD = gnu17;
				GCC_NO_COMMON_BLOCKS = YES;
				GCC_WARN_64_TO_32_BIT_CONVERSION = YES;
				GCC_WARN_ABOUT_RETURN_TYPE = YES_ERROR;
				GCC_WARN_UNDECLARED_SELECTOR = YES;
				GCC_WARN_UNINITIALIZED_AUTOS = YES_AGGRESSIVE;
				GCC_WARN_UNUSED_FUNCTION = YES;
				GCC_WARN_UNUSED_VARIABLE = YES;
				IPHONEOS_DEPLOYMENT_TARGET = 18.2;
				LOCALIZATION_PREFERS_STRING_CATALOGS = YES;
				MTL_ENABLE_DEBUG_INFO = NO;
				MTL_FAST_MATH = YES;
				SDKROOT = iphoneos;
				SWIFT_COMPILATION_MODE = wholemodule;
				VALIDATE_PRODUCT = YES;
			};
			name = Release;
		};
		8FF99D832D8B1B3900E27F36 /* Debug */ = {
			isa = XCBuildConfiguration;
			buildSettings = {
				ASSETCATALOG_COMPILER_APPICON_NAME = AppIcon;
				ASSETCATALOG_COMPILER_GLOBAL_ACCENT_COLOR_NAME = AccentColor;
				CODE_SIGN_STYLE = Automatic;
				CURRENT_PROJECT_VERSION = 1;
				DEVELOPMENT_ASSET_PATHS = "\"Love4Music/Preview Content\"";
				DEVELOPMENT_TEAM = ZMZ5GL8V42;
				ENABLE_PREVIEWS = YES;
				GENERATE_INFOPLIST_FILE = YES;
				INFOPLIST_FILE = Love4Music/Info.plist;
				INFOPLIST_KEY_UIApplicationSceneManifest_Generation = YES;
				INFOPLIST_KEY_UIApplicationSupportsIndirectInputEvents = YES;
				INFOPLIST_KEY_UILaunchScreen_Generation = YES;
				INFOPLIST_KEY_UISupportedInterfaceOrientations_iPad = "UIInterfaceOrientationPortrait UIInterfaceOrientationPortraitUpsideDown UIInterfaceOrientationLandscapeLeft UIInterfaceOrientationLandscapeRight";
				INFOPLIST_KEY_UISupportedInterfaceOrientations_iPhone = "UIInterfaceOrientationPortrait UIInterfaceOrientationLandscapeLeft UIInterfaceOrientationLandscapeRight";
				IPHONEOS_DEPLOYMENT_TARGET = 18.1.1;
				LD_RUNPATH_SEARCH_PATHS = (
					"$(inherited)",
					"@executable_path/Frameworks",
				);
				MARKETING_VERSION = 1.0;
				PRODUCT_BUNDLE_IDENTIFIER = com.martinsevcik.Love4Music;
				PRODUCT_NAME = "$(TARGET_NAME)";
				SWIFT_EMIT_LOC_STRINGS = YES;
				SWIFT_VERSION = 5.0;
				TARGETED_DEVICE_FAMILY = "1,2";
			};
			name = Debug;
		};
		8FF99D842D8B1B3900E27F36 /* Release */ = {
			isa = XCBuildConfiguration;
			buildSettings = {
				ASSETCATALOG_COMPILER_APPICON_NAME = AppIcon;
				ASSETCATALOG_COMPILER_GLOBAL_ACCENT_COLOR_NAME = AccentColor;
				CODE_SIGN_STYLE = Automatic;
				CURRENT_PROJECT_VERSION = 1;
				DEVELOPMENT_ASSET_PATHS = "\"Love4Music/Preview Content\"";
				DEVELOPMENT_TEAM = ZMZ5GL8V42;
				ENABLE_PREVIEWS = YES;
				GENERATE_INFOPLIST_FILE = YES;
				INFOPLIST_FILE = Love4Music/Info.plist;
				INFOPLIST_KEY_UIApplicationSceneManifest_Generation = YES;
				INFOPLIST_KEY_UIApplicationSupportsIndirectInputEvents = YES;
				INFOPLIST_KEY_UILaunchScreen_Generation = YES;
				INFOPLIST_KEY_UISupportedInterfaceOrientations_iPad = "UIInterfaceOrientationPortrait UIInterfaceOrientationPortraitUpsideDown UIInterfaceOrientationLandscapeLeft UIInterfaceOrientationLandscapeRight";
				INFOPLIST_KEY_UISupportedInterfaceOrientations_iPhone = "UIInterfaceOrientationPortrait UIInterfaceOrientationLandscapeLeft UIInterfaceOrientationLandscapeRight";
				IPHONEOS_DEPLOYMENT_TARGET = 18.1.1;
				LD_RUNPATH_SEARCH_PATHS = (
					"$(inherited)",
					"@executable_path/Frameworks",
				);
				MARKETING_VERSION = 1.0;
				PRODUCT_BUNDLE_IDENTIFIER = com.martinsevcik.Love4Music;
				PRODUCT_NAME = "$(TARGET_NAME)";
				SWIFT_EMIT_LOC_STRINGS = YES;
				SWIFT_VERSION = 5.0;
				TARGETED_DEVICE_FAMILY = "1,2";
			};
			name = Release;
		};
		8FF99D862D8B1B3900E27F36 /* Debug */ = {
			isa = XCBuildConfiguration;
			buildSettings = {
				BUNDLE_LOADER = "$(TEST_HOST)";
				CODE_SIGN_STYLE = Automatic;
				CURRENT_PROJECT_VERSION = 1;
				DEVELOPMENT_TEAM = ZMZ5GL8V42;
				GENERATE_INFOPLIST_FILE = YES;
				IPHONEOS_DEPLOYMENT_TARGET = 18.2;
				MARKETING_VERSION = 1.0;
				PRODUCT_BUNDLE_IDENTIFIER = com.martinsevcik.Love4MusicTests;
				PRODUCT_NAME = "$(TARGET_NAME)";
				SWIFT_EMIT_LOC_STRINGS = NO;
				SWIFT_VERSION = 5.0;
				TARGETED_DEVICE_FAMILY = "1,2";
				TEST_HOST = "$(BUILT_PRODUCTS_DIR)/Love4Music.app/$(BUNDLE_EXECUTABLE_FOLDER_PATH)/Love4Music";
			};
			name = Debug;
		};
		8FF99D872D8B1B3900E27F36 /* Release */ = {
			isa = XCBuildConfiguration;
			buildSettings = {
				BUNDLE_LOADER = "$(TEST_HOST)";
				CODE_SIGN_STYLE = Automatic;
				CURRENT_PROJECT_VERSION = 1;
				DEVELOPMENT_TEAM = ZMZ5GL8V42;
				GENERATE_INFOPLIST_FILE = YES;
				IPHONEOS_DEPLOYMENT_TARGET = 18.2;
				MARKETING_VERSION = 1.0;
				PRODUCT_BUNDLE_IDENTIFIER = com.martinsevcik.Love4MusicTests;
				PRODUCT_NAME = "$(TARGET_NAME)";
				SWIFT_EMIT_LOC_STRINGS = NO;
				SWIFT_VERSION = 5.0;
				TARGETED_DEVICE_FAMILY = "1,2";
				TEST_HOST = "$(BUILT_PRODUCTS_DIR)/Love4Music.app/$(BUNDLE_EXECUTABLE_FOLDER_PATH)/Love4Music";
			};
			name = Release;
		};
		8FF99D892D8B1B3900E27F36 /* Debug */ = {
			isa = XCBuildConfiguration;
			buildSettings = {
				CODE_SIGN_STYLE = Automatic;
				CURRENT_PROJECT_VERSION = 1;
				DEVELOPMENT_TEAM = ZMZ5GL8V42;
				GENERATE_INFOPLIST_FILE = YES;
				MARKETING_VERSION = 1.0;
				PRODUCT_BUNDLE_IDENTIFIER = com.martinsevcik.Love4MusicUITests;
				PRODUCT_NAME = "$(TARGET_NAME)";
				SWIFT_EMIT_LOC_STRINGS = NO;
				SWIFT_VERSION = 5.0;
				TARGETED_DEVICE_FAMILY = "1,2";
				TEST_TARGET_NAME = Love4Music;
			};
			name = Debug;
		};
		8FF99D8A2D8B1B3900E27F36 /* Release */ = {
			isa = XCBuildConfiguration;
			buildSettings = {
				CODE_SIGN_STYLE = Automatic;
				CURRENT_PROJECT_VERSION = 1;
				DEVELOPMENT_TEAM = ZMZ5GL8V42;
				GENERATE_INFOPLIST_FILE = YES;
				MARKETING_VERSION = 1.0;
				PRODUCT_BUNDLE_IDENTIFIER = com.martinsevcik.Love4MusicUITests;
				PRODUCT_NAME = "$(TARGET_NAME)";
				SWIFT_EMIT_LOC_STRINGS = NO;
				SWIFT_VERSION = 5.0;
				TARGETED_DEVICE_FAMILY = "1,2";
				TEST_TARGET_NAME = Love4Music;
			};
			name = Release;
		};
/* End XCBuildConfiguration section */

/* Begin XCConfigurationList section */
		8FF99D592D8B1B3800E27F36 /* Build configuration list for PBXProject "Love4Music" */ = {
			isa = XCConfigurationList;
			buildConfigurations = (
				8FF99D802D8B1B3900E27F36 /* Debug */,
				8FF99D812D8B1B3900E27F36 /* Release */,
			);
			defaultConfigurationIsVisible = 0;
			defaultConfigurationName = Release;
		};
		8FF99D822D8B1B3900E27F36 /* Build configuration list for PBXNativeTarget "Love4Music" */ = {
			isa = XCConfigurationList;
			buildConfigurations = (
				8FF99D832D8B1B3900E27F36 /* Debug */,
				8FF99D842D8B1B3900E27F36 /* Release */,
			);
			defaultConfigurationIsVisible = 0;
			defaultConfigurationName = Release;
		};
		8FF99D852D8B1B3900E27F36 /* Build configuration list for PBXNativeTarget "Love4MusicTests" */ = {
			isa = XCConfigurationList;
			buildConfigurations = (
				8FF99D862D8B1B3900E27F36 /* Debug */,
				8FF99D872D8B1B3900E27F36 /* Release */,
			);
			defaultConfigurationIsVisible = 0;
			defaultConfigurationName = Release;
		};
		8FF99D882D8B1B3900E27F36 /* Build configuration list for PBXNativeTarget "Love4MusicUITests" */ = {
			isa = XCConfigurationList;
			buildConfigurations = (
				8FF99D892D8B1B3900E27F36 /* Debug */,
				8FF99D8A2D8B1B3900E27F36 /* Release */,
			);
			defaultConfigurationIsVisible = 0;
			defaultConfigurationName = Release;
		};
/* End XCConfigurationList section */
	};
	rootObject = 8FF99D562D8B1B3800E27F36 /* Project object */;
}
